
Microsoft Visual Studio Solution File, Format Version 12.00
# Visual Studio 15
VisualStudioVersion = 15.0.26124.0
MinimumVisualStudioVersion = 15.0.26124.0
Project("{FAE04EC0-301F-11D3-BF4B-00C04F79EFBC}") = "Domain", "Domain\Domain.csproj", "{22E6201F-028B-4BC8-8BC3-01563A598A33}"
EndProject
Project("{FAE04EC0-301F-11D3-BF4B-00C04F79EFBC}") = "Application", "Application\Application.csproj", "{D1EAB34C-33FB-484B-B7A6-1A9CEE730AFB}"
EndProject
Project("{FAE04EC0-301F-11D3-BF4B-00C04F79EFBC}") = "Persistence", "Persistence\Persistence.csproj", "{F46F9E0F-4B7C-4F16-B383-B723D66A41A7}"
EndProject
Project("{FAE04EC0-301F-11D3-BF4B-00C04F79EFBC}") = "API", "API\API.csproj", "{C18CE5D4-2F74-4FCD-927B-1887F60CFD50}"
EndProject
Global
	GlobalSection(SolutionConfigurationPlatforms) = preSolution
		Debug|Any CPU = Debug|Any CPU
		Debug|x64 = Debug|x64
		Debug|x86 = Debug|x86
		Release|Any CPU = Release|Any CPU
		Release|x64 = Release|x64
		Release|x86 = Release|x86
	EndGlobalSection
	GlobalSection(SolutionProperties) = preSolution
		HideSolutionNode = FALSE
	EndGlobalSection
	GlobalSection(ProjectConfigurationPlatforms) = postSolution
		{22E6201F-028B-4BC8-8BC3-01563A598A33}.Debug|Any CPU.ActiveCfg = Debug|Any CPU
		{22E6201F-028B-4BC8-8BC3-01563A598A33}.Debug|Any CPU.Build.0 = Debug|Any CPU
		{22E6201F-028B-4BC8-8BC3-01563A598A33}.Debug|x64.ActiveCfg = Debug|Any CPU
		{22E6201F-028B-4BC8-8BC3-01563A598A33}.Debug|x64.Build.0 = Debug|Any CPU
		{22E6201F-028B-4BC8-8BC3-01563A598A33}.Debug|x86.ActiveCfg = Debug|Any CPU
		{22E6201F-028B-4BC8-8BC3-01563A598A33}.Debug|x86.Build.0 = Debug|Any CPU
		{22E6201F-028B-4BC8-8BC3-01563A598A33}.Release|Any CPU.ActiveCfg = Release|Any CPU
		{22E6201F-028B-4BC8-8BC3-01563A598A33}.Release|Any CPU.Build.0 = Release|Any CPU
		{22E6201F-028B-4BC8-8BC3-01563A598A33}.Release|x64.ActiveCfg = Release|Any CPU
		{22E6201F-028B-4BC8-8BC3-01563A598A33}.Release|x64.Build.0 = Release|Any CPU
		{22E6201F-028B-4BC8-8BC3-01563A598A33}.Release|x86.ActiveCfg = Release|Any CPU
		{22E6201F-028B-4BC8-8BC3-01563A598A33}.Release|x86.Build.0 = Release|Any CPU
		{D1EAB34C-33FB-484B-B7A6-1A9CEE730AFB}.Debug|Any CPU.ActiveCfg = Debug|Any CPU
		{D1EAB34C-33FB-484B-B7A6-1A9CEE730AFB}.Debug|Any CPU.Build.0 = Debug|Any CPU
		{D1EAB34C-33FB-484B-B7A6-1A9CEE730AFB}.Debug|x64.ActiveCfg = Debug|Any CPU
		{D1EAB34C-33FB-484B-B7A6-1A9CEE730AFB}.Debug|x64.Build.0 = Debug|Any CPU
		{D1EAB34C-33FB-484B-B7A6-1A9CEE730AFB}.Debug|x86.ActiveCfg = Debug|Any CPU
		{D1EAB34C-33FB-484B-B7A6-1A9CEE730AFB}.Debug|x86.Build.0 = Debug|Any CPU
		{D1EAB34C-33FB-484B-B7A6-1A9CEE730AFB}.Release|Any CPU.ActiveCfg = Release|Any CPU
		{D1EAB34C-33FB-484B-B7A6-1A9CEE730AFB}.Release|Any CPU.Build.0 = Release|Any CPU
		{D1EAB34C-33FB-484B-B7A6-1A9CEE730AFB}.Release|x64.ActiveCfg = Release|Any CPU
		{D1EAB34C-33FB-484B-B7A6-1A9CEE730AFB}.Release|x64.Build.0 = Release|Any CPU
		{D1EAB34C-33FB-484B-B7A6-1A9CEE730AFB}.Release|x86.ActiveCfg = Release|Any CPU
		{D1EAB34C-33FB-484B-B7A6-1A9CEE730AFB}.Release|x86.Build.0 = Release|Any CPU
		{F46F9E0F-4B7C-4F16-B383-B723D66A41A7}.Debug|Any CPU.ActiveCfg = Debug|Any CPU
		{F46F9E0F-4B7C-4F16-B383-B723D66A41A7}.Debug|Any CPU.Build.0 = Debug|Any CPU
		{F46F9E0F-4B7C-4F16-B383-B723D66A41A7}.Debug|x64.ActiveCfg = Debug|Any CPU
		{F46F9E0F-4B7C-4F16-B383-B723D66A41A7}.Debug|x64.Build.0 = Debug|Any CPU
		{F46F9E0F-4B7C-4F16-B383-B723D66A41A7}.Debug|x86.ActiveCfg = Debug|Any CPU
		{F46F9E0F-4B7C-4F16-B383-B723D66A41A7}.Debug|x86.Build.0 = Debug|Any CPU
		{F46F9E0F-4B7C-4F16-B383-B723D66A41A7}.Release|Any CPU.ActiveCfg = Release|Any CPU
		{F46F9E0F-4B7C-4F16-B383-B723D66A41A7}.Release|Any CPU.Build.0 = Release|Any CPU
		{F46F9E0F-4B7C-4F16-B383-B723D66A41A7}.Release|x64.ActiveCfg = Release|Any CPU
		{F46F9E0F-4B7C-4F16-B383-B723D66A41A7}.Release|x64.Build.0 = Release|Any CPU
		{F46F9E0F-4B7C-4F16-B383-B723D66A41A7}.Release|x86.ActiveCfg = Release|Any CPU
		{F46F9E0F-4B7C-4F16-B383-B723D66A41A7}.Release|x86.Build.0 = Release|Any CPU
		{C18CE5D4-2F74-4FCD-927B-1887F60CFD50}.Debug|Any CPU.ActiveCfg = Debug|Any CPU
		{C18CE5D4-2F74-4FCD-927B-1887F60CFD50}.Debug|Any CPU.Build.0 = Debug|Any CPU
		{C18CE5D4-2F74-4FCD-927B-1887F60CFD50}.Debug|x64.ActiveCfg = Debug|Any CPU
		{C18CE5D4-2F74-4FCD-927B-1887F60CFD50}.Debug|x64.Build.0 = Debug|Any CPU
		{C18CE5D4-2F74-4FCD-927B-1887F60CFD50}.Debug|x86.ActiveCfg = Debug|Any CPU
		{C18CE5D4-2F74-4FCD-927B-1887F60CFD50}.Debug|x86.Build.0 = Debug|Any CPU
		{C18CE5D4-2F74-4FCD-927B-1887F60CFD50}.Release|Any CPU.ActiveCfg = Release|Any CPU
		{C18CE5D4-2F74-4FCD-927B-1887F60CFD50}.Release|Any CPU.Build.0 = Release|Any CPU
		{C18CE5D4-2F74-4FCD-927B-1887F60CFD50}.Release|x64.ActiveCfg = Release|Any CPU
		{C18CE5D4-2F74-4FCD-927B-1887F60CFD50}.Release|x64.Build.0 = Release|Any CPU
		{C18CE5D4-2F74-4FCD-927B-1887F60CFD50}.Release|x86.ActiveCfg = Release|Any CPU
		{C18CE5D4-2F74-4FCD-927B-1887F60CFD50}.Release|x86.Build.0 = Release|Any CPU
	EndGlobalSection
EndGlobal
